
Microsoft Visual Studio Solution File, Format Version 12.00
# Visual Studio Version 17
VisualStudioVersion = 17.1.32414.318
MinimumVisualStudioVersion = 10.0.40219.1
Project("{FAE04EC0-301F-11D3-BF4B-00C04F79EFBC}") = "Midrand Reformed Church App.Android", "Midrand Reformed Church App\Midrand Reformed Church App.Android\Midrand Reformed Church App.Android.csproj", "{951DD0C7-90D1-47CA-838F-D1B532516923}"
EndProject
Project("{FAE04EC0-301F-11D3-BF4B-00C04F79EFBC}") = "Midrand Reformed Church App.iOS", "Midrand Reformed Church App\Midrand Reformed Church App.iOS\Midrand Reformed Church App.iOS.csproj", "{1C35EC70-799D-4961-B91D-46C72B2E8C97}"
EndProject
Project("{FAE04EC0-301F-11D3-BF4B-00C04F79EFBC}") = "Midrand Reformed Church App", "Midrand Reformed Church App\Midrand Reformed Church App\Midrand Reformed Church App.csproj", "{D94812DC-781E-4A4A-8AF8-CCB80EEF87FE}"
EndProject
Global
	GlobalSection(SolutionConfigurationPlatforms) = preSolution
		Debug|Any CPU = Debug|Any CPU
		Debug|iPhone = Debug|iPhone
		Debug|iPhoneSimulator = Debug|iPhoneSimulator
		Release|Any CPU = Release|Any CPU
		Release|iPhone = Release|iPhone
		Release|iPhoneSimulator = Release|iPhoneSimulator
	EndGlobalSection
	GlobalSection(ProjectConfigurationPlatforms) = postSolution
		{951DD0C7-90D1-47CA-838F-D1B532516923}.Debug|Any CPU.ActiveCfg = Debug|Any CPU
		{951DD0C7-90D1-47CA-838F-D1B532516923}.Debug|Any CPU.Build.0 = Debug|Any CPU
		{951DD0C7-90D1-47CA-838F-D1B532516923}.Debug|Any CPU.Deploy.0 = Debug|Any CPU
		{951DD0C7-90D1-47CA-838F-D1B532516923}.Debug|iPhone.ActiveCfg = Debug|Any CPU
		{951DD0C7-90D1-47CA-838F-D1B532516923}.Debug|iPhone.Build.0 = Debug|Any CPU
		{951DD0C7-90D1-47CA-838F-D1B532516923}.Debug|iPhone.Deploy.0 = Debug|Any CPU
		{951DD0C7-90D1-47CA-838F-D1B532516923}.Debug|iPhoneSimulator.ActiveCfg = Debug|Any CPU
		{951DD0C7-90D1-47CA-838F-D1B532516923}.Debug|iPhoneSimulator.Build.0 = Debug|Any CPU
		{951DD0C7-90D1-47CA-838F-D1B532516923}.Debug|iPhoneSimulator.Deploy.0 = Debug|Any CPU
		{951DD0C7-90D1-47CA-838F-D1B532516923}.Release|Any CPU.ActiveCfg = Release|Any CPU
		{951DD0C7-90D1-47CA-838F-D1B532516923}.Release|Any CPU.Build.0 = Release|Any CPU
		{951DD0C7-90D1-47CA-838F-D1B532516923}.Release|Any CPU.Deploy.0 = Release|Any CPU
		{951DD0C7-90D1-47CA-838F-D1B532516923}.Release|iPhone.ActiveCfg = Release|Any CPU
		{951DD0C7-90D1-47CA-838F-D1B532516923}.Release|iPhone.Build.0 = Release|Any CPU
		{951DD0C7-90D1-47CA-838F-D1B532516923}.Release|iPhone.Deploy.0 = Release|Any CPU
		{951DD0C7-90D1-47CA-838F-D1B532516923}.Release|iPhoneSimulator.ActiveCfg = Release|Any CPU
		{951DD0C7-90D1-47CA-838F-D1B532516923}.Release|iPhoneSimulator.Build.0 = Release|Any CPU
		{951DD0C7-90D1-47CA-838F-D1B532516923}.Release|iPhoneSimulator.Deploy.0 = Release|Any CPU
		{1C35EC70-799D-4961-B91D-46C72B2E8C97}.Debug|Any CPU.ActiveCfg = Debug|iPhone
		{1C35EC70-799D-4961-B91D-46C72B2E8C97}.Debug|Any CPU.Build.0 = Debug|iPhone
		{1C35EC70-799D-4961-B91D-46C72B2E8C97}.Debug|Any CPU.Deploy.0 = Debug|iPhone
		{1C35EC70-799D-4961-B91D-46C72B2E8C97}.Debug|iPhone.ActiveCfg = Debug|iPhone
		{1C35EC70-799D-4961-B91D-46C72B2E8C97}.Debug|iPhone.Build.0 = Debug|iPhone
		{1C35EC70-799D-4961-B91D-46C72B2E8C97}.Debug|iPhone.Deploy.0 = Debug|iPhone
		{1C35EC70-799D-4961-B91D-46C72B2E8C97}.Debug|iPhoneSimulator.ActiveCfg = Debug|iPhoneSimulator
		{1C35EC70-799D-4961-B91D-46C72B2E8C97}.Debug|iPhoneSimulator.Build.0 = Debug|iPhoneSimulator
		{1C35EC70-799D-4961-B91D-46C72B2E8C97}.Debug|iPhoneSimulator.Deploy.0 = Debug|iPhoneSimulator
		{1C35EC70-799D-4961-B91D-46C72B2E8C97}.Release|Any CPU.ActiveCfg = Release|iPhoneSimulator
		{1C35EC70-799D-4961-B91D-46C72B2E8C97}.Release|Any CPU.Build.0 = Release|iPhoneSimulator
		{1C35EC70-799D-4961-B91D-46C72B2E8C97}.Release|Any CPU.Deploy.0 = Release|iPhoneSimulator
		{1C35EC70-799D-4961-B91D-46C72B2E8C97}.Release|iPhone.ActiveCfg = Release|iPhone
		{1C35EC70-799D-4961-B91D-46C72B2E8C97}.Release|iPhone.Build.0 = Release|iPhone
		{1C35EC70-799D-4961-B91D-46C72B2E8C97}.Release|iPhone.Deploy.0 = Release|iPhone
		{1C35EC70-799D-4961-B91D-46C72B2E8C97}.Release|iPhoneSimulator.ActiveCfg = Release|iPhoneSimulator
		{1C35EC70-799D-4961-B91D-46C72B2E8C97}.Release|iPhoneSimulator.Build.0 = Release|iPhoneSimulator
		{1C35EC70-799D-4961-B91D-46C72B2E8C97}.Release|iPhoneSimulator.Deploy.0 = Release|iPhoneSimulator
		{D94812DC-781E-4A4A-8AF8-CCB80EEF87FE}.Debug|Any CPU.ActiveCfg = Debug|Any CPU
		{D94812DC-781E-4A4A-8AF8-CCB80EEF87FE}.Debug|Any CPU.Build.0 = Debug|Any CPU
		{D94812DC-781E-4A4A-8AF8-CCB80EEF87FE}.Debug|Any CPU.Deploy.0 = Debug|Any CPU
		{D94812DC-781E-4A4A-8AF8-CCB80EEF87FE}.Debug|iPhone.ActiveCfg = Debug|Any CPU
		{D94812DC-781E-4A4A-8AF8-CCB80EEF87FE}.Debug|iPhone.Build.0 = Debug|Any CPU
		{D94812DC-781E-4A4A-8AF8-CCB80EEF87FE}.Debug|iPhone.Deploy.0 = Debug|Any CPU
		{D94812DC-781E-4A4A-8AF8-CCB80EEF87FE}.Debug|iPhoneSimulator.ActiveCfg = Debug|Any CPU
		{D94812DC-781E-4A4A-8AF8-CCB80EEF87FE}.Debug|iPhoneSimulator.Build.0 = Debug|Any CPU
		{D94812DC-781E-4A4A-8AF8-CCB80EEF87FE}.Debug|iPhoneSimulator.Deploy.0 = Debug|Any CPU
		{D94812DC-781E-4A4A-8AF8-CCB80EEF87FE}.Release|Any CPU.ActiveCfg = Release|Any CPU
		{D94812DC-781E-4A4A-8AF8-CCB80EEF87FE}.Release|Any CPU.Build.0 = Release|Any CPU
		{D94812DC-781E-4A4A-8AF8-CCB80EEF87FE}.Release|Any CPU.Deploy.0 = Release|Any CPU
		{D94812DC-781E-4A4A-8AF8-CCB80EEF87FE}.Release|iPhone.ActiveCfg = Release|Any CPU
		{D94812DC-781E-4A4A-8AF8-CCB80EEF87FE}.Release|iPhone.Build.0 = Release|Any CPU
		{D94812DC-781E-4A4A-8AF8-CCB80EEF87FE}.Release|iPhone.Deploy.0 = Release|Any CPU
		{D94812DC-781E-4A4A-8AF8-CCB80EEF87FE}.Release|iPhoneSimulator.ActiveCfg = Release|Any CPU
		{D94812DC-781E-4A4A-8AF8-CCB80EEF87FE}.Release|iPhoneSimulator.Build.0 = Release|Any CPU
		{D94812DC-781E-4A4A-8AF8-CCB80EEF87FE}.Release|iPhoneSimulator.Deploy.0 = Release|Any CPU
	EndGlobalSection
	GlobalSection(SolutionProperties) = preSolution
		HideSolutionNode = FALSE
	EndGlobalSection
	GlobalSection(ExtensibilityGlobals) = postSolution
		SolutionGuid = {F81A8242-1DCC-493B-87D4-2C7EB17682FD}
	EndGlobalSection
EndGlobal
